
Microsoft Visual Studio Solution File, Format Version 12.00
# Visual Studio 15
VisualStudioVersion = 15.0.27703.2042
MinimumVisualStudioVersion = 10.0.40219.1
Project("{FAE04EC0-301F-11D3-BF4B-00C04F79EFBC}") = "Merge Sort V2", "Merge Sort V2\Merge Sort V2.csproj", "{5ACB499F-9240-4828-96AC-6876D6811A3D}"
EndProject
Global
	GlobalSection(SolutionConfigurationPlatforms) = preSolution
		Debug|Any CPU = Debug|Any CPU
		Release|Any CPU = Release|Any CPU
	EndGlobalSection
	GlobalSection(ProjectConfigurationPlatforms) = postSolution
		{5ACB499F-9240-4828-96AC-6876D6811A3D}.Debug|Any CPU.ActiveCfg = Debug|Any CPU
		{5ACB499F-9240-4828-96AC-6876D6811A3D}.Debug|Any CPU.Build.0 = Debug|Any CPU
		{5ACB499F-9240-4828-96AC-6876D6811A3D}.Release|Any CPU.ActiveCfg = Release|Any CPU
		{5ACB499F-9240-4828-96AC-6876D6811A3D}.Release|Any CPU.Build.0 = Release|Any CPU
	EndGlobalSection
	GlobalSection(SolutionProperties) = preSolution
		HideSolutionNode = FALSE
	EndGlobalSection
	GlobalSection(ExtensibilityGlobals) = postSolution
		SolutionGuid = {FD159223-8CDD-4B14-8724-1A796197449A}
	EndGlobalSection
EndGlobal
